// !$*UTF8*$!
{
	archiveVersion = 1;
	classes = {
	};
	objectVersion = 46;
	objects = {

/* Begin PBXBuildFile section */
		F642444C18EE7FF500777E49 /* Foundation.framework in Frameworks */ = {isa = PBXBuildFile; fileRef = F642444B18EE7FF500777E49 /* Foundation.framework */; };
		F642444E18EE7FF500777E49 /* CoreGraphics.framework in Frameworks */ = {isa = PBXBuildFile; fileRef = F642444D18EE7FF500777E49 /* CoreGraphics.framework */; };
		F642445018EE7FF500777E49 /* UIKit.framework in Frameworks */ = {isa = PBXBuildFile; fileRef = F642444F18EE7FF500777E49 /* UIKit.framework */; };
		F642445618EE7FF500777E49 /* InfoPlist.strings in Resources */ = {isa = PBXBuildFile; fileRef = F642445418EE7FF500777E49 /* InfoPlist.strings */; };
		F642445818EE7FF500777E49 /* main.m in Sources */ = {isa = PBXBuildFile; fileRef = F642445718EE7FF500777E49 /* main.m */; };
		F642445C18EE7FF500777E49 /* XLAppDelegate.m in Sources */ = {isa = PBXBuildFile; fileRef = F642445B18EE7FF500777E49 /* XLAppDelegate.m */; };
		F642445F18EE7FF500777E49 /* Main.storyboard in Resources */ = {isa = PBXBuildFile; fileRef = F642445D18EE7FF500777E49 /* Main.storyboard */; };
		F642446218EE7FF500777E49 /* XLViewController.m in Sources */ = {isa = PBXBuildFile; fileRef = F642446118EE7FF500777E49 /* XLViewController.m */; };
		F642446418EE7FF500777E49 /* Images.xcassets in Resources */ = {isa = PBXBuildFile; fileRef = F642446318EE7FF500777E49 /* Images.xcassets */; };
		F642446B18EE7FF500777E49 /* XCTest.framework in Frameworks */ = {isa = PBXBuildFile; fileRef = F642446A18EE7FF500777E49 /* XCTest.framework */; };
		F642446C18EE7FF500777E49 /* Foundation.framework in Frameworks */ = {isa = PBXBuildFile; fileRef = F642444B18EE7FF500777E49 /* Foundation.framework */; };
		F642446D18EE7FF500777E49 /* UIKit.framework in Frameworks */ = {isa = PBXBuildFile; fileRef = F642444F18EE7FF500777E49 /* UIKit.framework */; };
		F642447518EE7FF500777E49 /* InfoPlist.strings in Resources */ = {isa = PBXBuildFile; fileRef = F642447318EE7FF500777E49 /* InfoPlist.strings */; };
		F642447718EE7FF500777E49 /* XLMultiCastDelegateSampleTests.m in Sources */ = {isa = PBXBuildFile; fileRef = F642447618EE7FF500777E49 /* XLMultiCastDelegateSampleTests.m */; };
		F642448418EE802400777E49 /* XLObjectOne.m in Sources */ = {isa = PBXBuildFile; fileRef = F642448118EE802400777E49 /* XLObjectOne.m */; };
		F642448518EE802400777E49 /* XLObjectTwo.m in Sources */ = {isa = PBXBuildFile; fileRef = F642448318EE802400777E49 /* XLObjectTwo.m */; };
		F642448918EE805A00777E49 /* XLMultiCastDelegate.m in Sources */ = {isa = PBXBuildFile; fileRef = F642448818EE805A00777E49 /* XLMultiCastDelegate.m */; };
/* End PBXBuildFile section */

/* Begin PBXContainerItemProxy section */
		F642446E18EE7FF500777E49 /* PBXContainerItemProxy */ = {
			isa = PBXContainerItemProxy;
			containerPortal = F642444018EE7FF500777E49 /* Project object */;
			proxyType = 1;
			remoteGlobalIDString = F642444718EE7FF500777E49;
			remoteInfo = XLMultiCastDelegateSample;
		};
/* End PBXContainerItemProxy section */

/* Begin PBXFileReference section */
		F642444818EE7FF500777E49 /* XLMultiCastDelegateSample.app */ = {isa = PBXFileReference; explicitFileType = wrapper.application; includeInIndex = 0; path = XLMultiCastDelegateSample.app; sourceTree = BUILT_PRODUCTS_DIR; };
		F642444B18EE7FF500777E49 /* Foundation.framework */ = {isa = PBXFileReference; lastKnownFileType = wrapper.framework; name = Foundation.framework; path = System/Library/Frameworks/Foundation.framework; sourceTree = SDKROOT; };
		F642444D18EE7FF500777E49 /* CoreGraphics.framework */ = {isa = PBXFileReference; lastKnownFileType = wrapper.framework; name = CoreGraphics.framework; path = System/Library/Frameworks/CoreGraphics.framework; sourceTree = SDKROOT; };
		F642444F18EE7FF500777E49 /* UIKit.framework */ = {isa = PBXFileReference; lastKnownFileType = wrapper.framework; name = UIKit.framework; path = System/Library/Frameworks/UIKit.framework; sourceTree = SDKROOT; };
		F642445318EE7FF500777E49 /* XLMultiCastDelegateSample-Info.plist */ = {isa = PBXFileReference; lastKnownFileType = text.plist.xml; path = "XLMultiCastDelegateSample-Info.plist"; sourceTree = "<group>"; };
		F642445518EE7FF500777E49 /* en */ = {isa = PBXFileReference; lastKnownFileType = text.plist.strings; name = en; path = en.lproj/InfoPlist.strings; sourceTree = "<group>"; };
		F642445718EE7FF500777E49 /* main.m */ = {isa = PBXFileReference; lastKnownFileType = sourcecode.c.objc; path = main.m; sourceTree = "<group>"; };
		F642445918EE7FF500777E49 /* XLMultiCastDelegateSample-Prefix.pch */ = {isa = PBXFileReference; lastKnownFileType = sourcecode.c.h; path = "XLMultiCastDelegateSample-Prefix.pch"; sourceTree = "<group>"; };
		F642445A18EE7FF500777E49 /* XLAppDelegate.h */ = {isa = PBXFileReference; lastKnownFileType = sourcecode.c.h; path = XLAppDelegate.h; sourceTree = "<group>"; };
		F642445B18EE7FF500777E49 /* XLAppDelegate.m */ = {isa = PBXFileReference; lastKnownFileType = sourcecode.c.objc; path = XLAppDelegate.m; sourceTree = "<group>"; };
		F642445E18EE7FF500777E49 /* Base */ = {isa = PBXFileReference; lastKnownFileType = file.storyboard; name = Base; path = Base.lproj/Main.storyboard; sourceTree = "<group>"; };
		F642446018EE7FF500777E49 /* XLViewController.h */ = {isa = PBXFileReference; lastKnownFileType = sourcecode.c.h; path = XLViewController.h; sourceTree = "<group>"; };
		F642446118EE7FF500777E49 /* XLViewController.m */ = {isa = PBXFileReference; lastKnownFileType = sourcecode.c.objc; path = XLViewController.m; sourceTree = "<group>"; };
		F642446318EE7FF500777E49 /* Images.xcassets */ = {isa = PBXFileReference; lastKnownFileType = folder.assetcatalog; path = Images.xcassets; sourceTree = "<group>"; };
		F642446918EE7FF500777E49 /* XLMultiCastDelegateSampleTests.xctest */ = {isa = PBXFileReference; explicitFileType = wrapper.cfbundle; includeInIndex = 0; path = XLMultiCastDelegateSampleTests.xctest; sourceTree = BUILT_PRODUCTS_DIR; };
		F642446A18EE7FF500777E49 /* XCTest.framework */ = {isa = PBXFileReference; lastKnownFileType = wrapper.framework; name = XCTest.framework; path = Library/Frameworks/XCTest.framework; sourceTree = DEVELOPER_DIR; };
		F642447218EE7FF500777E49 /* XLMultiCastDelegateSampleTests-Info.plist */ = {isa = PBXFileReference; lastKnownFileType = text.plist.xml; path = "XLMultiCastDelegateSampleTests-Info.plist"; sourceTree = "<group>"; };
		F642447418EE7FF500777E49 /* en */ = {isa = PBXFileReference; lastKnownFileType = text.plist.strings; name = en; path = en.lproj/InfoPlist.strings; sourceTree = "<group>"; };
		F642447618EE7FF500777E49 /* XLMultiCastDelegateSampleTests.m */ = {isa = PBXFileReference; lastKnownFileType = sourcecode.c.objc; path = XLMultiCastDelegateSampleTests.m; sourceTree = "<group>"; };
		F642448018EE802400777E49 /* XLObjectOne.h */ = {isa = PBXFileReference; fileEncoding = 4; lastKnownFileType = sourcecode.c.h; path = XLObjectOne.h; sourceTree = "<group>"; };
		F642448118EE802400777E49 /* XLObjectOne.m */ = {isa = PBXFileReference; fileEncoding = 4; lastKnownFileType = sourcecode.c.objc; path = XLObjectOne.m; sourceTree = "<group>"; };
		F642448218EE802400777E49 /* XLObjectTwo.h */ = {isa = PBXFileReference; fileEncoding = 4; lastKnownFileType = sourcecode.c.h; path = XLObjectTwo.h; sourceTree = "<group>"; };
		F642448318EE802400777E49 /* XLObjectTwo.m */ = {isa = PBXFileReference; fileEncoding = 4; lastKnownFileType = sourcecode.c.objc; path = XLObjectTwo.m; sourceTree = "<group>"; };
		F642448718EE805A00777E49 /* XLMultiCastDelegate.h */ = {isa = PBXFileReference; fileEncoding = 4; lastKnownFileType = sourcecode.c.h; path = XLMultiCastDelegate.h; sourceTree = "<group>"; };
		F642448818EE805A00777E49 /* XLMultiCastDelegate.m */ = {isa = PBXFileReference; fileEncoding = 4; lastKnownFileType = sourcecode.c.objc; path = XLMultiCastDelegate.m; sourceTree = "<group>"; };
/* End PBXFileReference section */

/* Begin PBXFrameworksBuildPhase section */
		F642444518EE7FF500777E49 /* Frameworks */ = {
			isa = PBXFrameworksBuildPhase;
			buildActionMask = 2147483647;
			files = (
				F642444E18EE7FF500777E49 /* CoreGraphics.framework in Frameworks */,
				F642445018EE7FF500777E49 /* UIKit.framework in Frameworks */,
				F642444C18EE7FF500777E49 /* Foundation.framework in Frameworks */,
			);
			runOnlyForDeploymentPostprocessing = 0;
		};
		F642446618EE7FF500777E49 /* Frameworks */ = {
			isa = PBXFrameworksBuildPhase;
			buildActionMask = 2147483647;
			files = (
				F642446B18EE7FF500777E49 /* XCTest.framework in Frameworks */,
				F642446D18EE7FF500777E49 /* UIKit.framework in Frameworks */,
				F642446C18EE7FF500777E49 /* Foundation.framework in Frameworks */,
			);
			runOnlyForDeploymentPostprocessing = 0;
		};
/* End PBXFrameworksBuildPhase section */

/* Begin PBXGroup section */
		F642443F18EE7FF500777E49 = {
			isa = PBXGroup;
			children = (
				F642445118EE7FF500777E49 /* XLMultiCastDelegateSample */,
				F642447018EE7FF500777E49 /* XLMultiCastDelegateSampleTests */,
				F642444A18EE7FF500777E49 /* Frameworks */,
				F642444918EE7FF500777E49 /* Products */,
			);
			sourceTree = "<group>";
		};
		F642444918EE7FF500777E49 /* Products */ = {
			isa = PBXGroup;
			children = (
				F642444818EE7FF500777E49 /* XLMultiCastDelegateSample.app */,
				F642446918EE7FF500777E49 /* XLMultiCastDelegateSampleTests.xctest */,
			);
			name = Products;
			sourceTree = "<group>";
		};
		F642444A18EE7FF500777E49 /* Frameworks */ = {
			isa = PBXGroup;
			children = (
				F642444B18EE7FF500777E49 /* Foundation.framework */,
				F642444D18EE7FF500777E49 /* CoreGraphics.framework */,
				F642444F18EE7FF500777E49 /* UIKit.framework */,
				F642446A18EE7FF500777E49 /* XCTest.framework */,
			);
			name = Frameworks;
			sourceTree = "<group>";
		};
		F642445118EE7FF500777E49 /* XLMultiCastDelegateSample */ = {
			isa = PBXGroup;
			children = (
				F642445A18EE7FF500777E49 /* XLAppDelegate.h */,
				F642445B18EE7FF500777E49 /* XLAppDelegate.m */,
				F642445D18EE7FF500777E49 /* Main.storyboard */,
				F642446018EE7FF500777E49 /* XLViewController.h */,
				F642446118EE7FF500777E49 /* XLViewController.m */,
				F642448018EE802400777E49 /* XLObjectOne.h */,
				F642448118EE802400777E49 /* XLObjectOne.m */,
				F642448218EE802400777E49 /* XLObjectTwo.h */,
				F642448318EE802400777E49 /* XLObjectTwo.m */,
				F642448618EE805A00777E49 /* codes */,
				F642446318EE7FF500777E49 /* Images.xcassets */,
				F642445218EE7FF500777E49 /* Supporting Files */,
			);
			path = XLMultiCastDelegateSample;
			sourceTree = "<group>";
		};
		F642445218EE7FF500777E49 /* Supporting Files */ = {
			isa = PBXGroup;
			children = (
				F642445318EE7FF500777E49 /* XLMultiCastDelegateSample-Info.plist */,
				F642445418EE7FF500777E49 /* InfoPlist.strings */,
				F642445718EE7FF500777E49 /* main.m */,
				F642445918EE7FF500777E49 /* XLMultiCastDelegateSample-Prefix.pch */,
			);
			name = "Supporting Files";
			sourceTree = "<group>";
		};
		F642447018EE7FF500777E49 /* XLMultiCastDelegateSampleTests */ = {
			isa = PBXGroup;
			children = (
				F642447618EE7FF500777E49 /* XLMultiCastDelegateSampleTests.m */,
				F642447118EE7FF500777E49 /* Supporting Files */,
			);
			path = XLMultiCastDelegateSampleTests;
			sourceTree = "<group>";
		};
		F642447118EE7FF500777E49 /* Supporting Files */ = {
			isa = PBXGroup;
			children = (
				F642447218EE7FF500777E49 /* XLMultiCastDelegateSampleTests-Info.plist */,
				F642447318EE7FF500777E49 /* InfoPlist.strings */,
			);
			name = "Supporting Files";
			sourceTree = "<group>";
		};
		F642448618EE805A00777E49 /* codes */ = {
			isa = PBXGroup;
			children = (
				F642448718EE805A00777E49 /* XLMultiCastDelegate.h */,
				F642448818EE805A00777E49 /* XLMultiCastDelegate.m */,
			);
			name = codes;
			path = ../../codes;
			sourceTree = "<group>";
		};
/* End PBXGroup section */

/* Begin PBXNativeTarget section */
		F642444718EE7FF500777E49 /* XLMultiCastDelegateSample */ = {
			isa = PBXNativeTarget;
			buildConfigurationList = F642447A18EE7FF500777E49 /* Build configuration list for PBXNativeTarget "XLMultiCastDelegateSample" */;
			buildPhases = (
				F642444418EE7FF500777E49 /* Sources */,
				F642444518EE7FF500777E49 /* Frameworks */,
				F642444618EE7FF500777E49 /* Resources */,
			);
			buildRules = (
			);
			dependencies = (
			);
			name = XLMultiCastDelegateSample;
			productName = XLMultiCastDelegateSample;
			productReference = F642444818EE7FF500777E49 /* XLMultiCastDelegateSample.app */;
			productType = "com.apple.product-type.application";
		};
		F642446818EE7FF500777E49 /* XLMultiCastDelegateSampleTests */ = {
			isa = PBXNativeTarget;
			buildConfigurationList = F642447D18EE7FF500777E49 /* Build configuration list for PBXNativeTarget "XLMultiCastDelegateSampleTests" */;
			buildPhases = (
				F642446518EE7FF500777E49 /* Sources */,
				F642446618EE7FF500777E49 /* Frameworks */,
				F642446718EE7FF500777E49 /* Resources */,
			);
			buildRules = (
			);
			dependencies = (
				F642446F18EE7FF500777E49 /* PBXTargetDependency */,
			);
			name = XLMultiCastDelegateSampleTests;
			productName = XLMultiCastDelegateSampleTests;
			productReference = F642446918EE7FF500777E49 /* XLMultiCastDelegateSampleTests.xctest */;
			productType = "com.apple.product-type.bundle.unit-test";
		};
/* End PBXNativeTarget section */

/* Begin PBXProject section */
		F642444018EE7FF500777E49 /* Project object */ = {
			isa = PBXProject;
			attributes = {
				CLASSPREFIX = XL;
				LastUpgradeCheck = 0510;
				ORGANIZATIONNAME = "王凯";
				TargetAttributes = {
					F642446818EE7FF500777E49 = {
						TestTargetID = F642444718EE7FF500777E49;
					};
				};
			};
			buildConfigurationList = F642444318EE7FF500777E49 /* Build configuration list for PBXProject "XLMultiCastDelegateSample" */;
			compatibilityVersion = "Xcode 3.2";
			developmentRegion = English;
			hasScannedForEncodings = 0;
			knownRegions = (
				en,
				Base,
			);
			mainGroup = F642443F18EE7FF500777E49;
			productRefGroup = F642444918EE7FF500777E49 /* Products */;
			projectDirPath = "";
			projectRoot = "";
			targets = (
				F642444718EE7FF500777E49 /* XLMultiCastDelegateSample */,
				F642446818EE7FF500777E49 /* XLMultiCastDelegateSampleTests */,
			);
		};
/* End PBXProject section */

/* Begin PBXResourcesBuildPhase section */
		F642444618EE7FF500777E49 /* Resources */ = {
			isa = PBXResourcesBuildPhase;
			buildActionMask = 2147483647;
			files = (
				F642446418EE7FF500777E49 /* Images.xcassets in Resources */,
				F642445618EE7FF500777E49 /* InfoPlist.strings in Resources */,
				F642445F18EE7FF500777E49 /* Main.storyboard in Resources */,
			);
			runOnlyForDeploymentPostprocessing = 0;
		};
		F642446718EE7FF500777E49 /* Resources */ = {
			isa = PBXResourcesBuildPhase;
			buildActionMask = 2147483647;
			files = (
				F642447518EE7FF500777E49 /* InfoPlist.strings in Resources */,
			);
			runOnlyForDeploymentPostprocessing = 0;
		};
/* End PBXResourcesBuildPhase section */

/* Begin PBXSourcesBuildPhase section */
		F642444418EE7FF500777E49 /* Sources */ = {
			isa = PBXSourcesBuildPhase;
			buildActionMask = 2147483647;
			files = (
				F642445C18EE7FF500777E49 /* XLAppDelegate.m in Sources */,
				F642448918EE805A00777E49 /* XLMultiCastDelegate.m in Sources */,
				F642448418EE802400777E49 /* XLObjectOne.m in Sources */,
				F642445818EE7FF500777E49 /* main.m in Sources */,
				F642448518EE802400777E49 /* XLObjectTwo.m in Sources */,
				F642446218EE7FF500777E49 /* XLViewController.m in Sources */,
			);
			runOnlyForDeploymentPostprocessing = 0;
		};
		F642446518EE7FF500777E49 /* Sources */ = {
			isa = PBXSourcesBuildPhase;
			buildActionMask = 2147483647;
			files = (
				F642447718EE7FF500777E49 /* XLMultiCastDelegateSampleTests.m in Sources */,
			);
			runOnlyForDeploymentPostprocessing = 0;
		};
/* End PBXSourcesBuildPhase section */

/* Begin PBXTargetDependency section */
		F642446F18EE7FF500777E49 /* PBXTargetDependency */ = {
			isa = PBXTargetDependency;
			target = F642444718EE7FF500777E49 /* XLMultiCastDelegateSample */;
			targetProxy = F642446E18EE7FF500777E49 /* PBXContainerItemProxy */;
		};
/* End PBXTargetDependency section */

/* Begin PBXVariantGroup section */
		F642445418EE7FF500777E49 /* InfoPlist.strings */ = {
			isa = PBXVariantGroup;
			children = (
				F642445518EE7FF500777E49 /* en */,
			);
			name = InfoPlist.strings;
			sourceTree = "<group>";
		};
		F642445D18EE7FF500777E49 /* Main.storyboard */ = {
			isa = PBXVariantGroup;
			children = (
				F642445E18EE7FF500777E49 /* Base */,
			);
			name = Main.storyboard;
			sourceTree = "<group>";
		};
		F642447318EE7FF500777E49 /* InfoPlist.strings */ = {
			isa = PBXVariantGroup;
			children = (
				F642447418EE7FF500777E49 /* en */,
			);
			name = InfoPlist.strings;
			sourceTree = "<group>";
		};
/* End PBXVariantGroup section */

/* Begin XCBuildConfiguration section */
		F642447818EE7FF500777E49 /* Debug */ = {
			isa = XCBuildConfiguration;
			buildSettings = {
				ALWAYS_SEARCH_USER_PATHS = NO;
				CLANG_CXX_LANGUAGE_STANDARD = "gnu++0x";
				CLANG_CXX_LIBRARY = "libc++";
				CLANG_ENABLE_MODULES = YES;
				CLANG_ENABLE_OBJC_ARC = YES;
				CLANG_WARN_BOOL_CONVERSION = YES;
				CLANG_WARN_CONSTANT_CONVERSION = YES;
				CLANG_WARN_DIRECT_OBJC_ISA_USAGE = YES_ERROR;
				CLANG_WARN_EMPTY_BODY = YES;
				CLANG_WARN_ENUM_CONVERSION = YES;
				CLANG_WARN_INT_CONVERSION = YES;
				CLANG_WARN_OBJC_ROOT_CLASS = YES_ERROR;
				CLANG_WARN__DUPLICATE_METHOD_MATCH = YES;
				"CODE_SIGN_IDENTITY[sdk=iphoneos*]" = "iPhone Developer";
				COPY_PHASE_STRIP = NO;
				GCC_C_LANGUAGE_STANDARD = gnu99;
				GCC_DYNAMIC_NO_PIC = NO;
				GCC_OPTIMIZATION_LEVEL = 0;
				GCC_PREPROCESSOR_DEFINITIONS = (
					"DEBUG=1",
					"$(inherited)",
				);
				GCC_SYMBOLS_PRIVATE_EXTERN = NO;
				GCC_WARN_64_TO_32_BIT_CONVERSION = YES;
				GCC_WARN_ABOUT_RETURN_TYPE = YES_ERROR;
				GCC_WARN_UNDECLARED_SELECTOR = YES;
				GCC_WARN_UNINITIALIZED_AUTOS = YES_AGGRESSIVE;
				GCC_WARN_UNUSED_FUNCTION = YES;
				GCC_WARN_UNUSED_VARIABLE = YES;
				IPHONEOS_DEPLOYMENT_TARGET = 7.1;
				ONLY_ACTIVE_ARCH = YES;
				SDKROOT = iphoneos;
			};
			name = Debug;
		};
		F642447918EE7FF500777E49 /* Release */ = {
			isa = XCBuildConfiguration;
			buildSettings = {
				ALWAYS_SEARCH_USER_PATHS = NO;
				CLANG_CXX_LANGUAGE_STANDARD = "gnu++0x";
				CLANG_CXX_LIBRARY = "libc++";
				CLANG_ENABLE_MODULES = YES;
				CLANG_ENABLE_OBJC_ARC = YES;
				CLANG_WARN_BOOL_CONVERSION = YES;
				CLANG_WARN_CONSTANT_CONVERSION = YES;
				CLANG_WARN_DIRECT_OBJC_ISA_USAGE = YES_ERROR;
				CLANG_WARN_EMPTY_BODY = YES;
				CLANG_WARN_ENUM_CONVERSION = YES;
				CLANG_WARN_INT_CONVERSION = YES;
				CLANG_WARN_OBJC_ROOT_CLASS = YES_ERROR;
				CLANG_WARN__DUPLICATE_METHOD_MATCH = YES;
				"CODE_SIGN_IDENTITY[sdk=iphoneos*]" = "iPhone Developer";
				COPY_PHASE_STRIP = YES;
				ENABLE_NS_ASSERTIONS = NO;
				GCC_C_LANGUAGE_STANDARD = gnu99;
				GCC_WARN_64_TO_32_BIT_CONVERSION = YES;
				GCC_WARN_ABOUT_RETURN_TYPE = YES_ERROR;
				GCC_WARN_UNDECLARED_SELECTOR = YES;
				GCC_WARN_UNINITIALIZED_AUTOS = YES_AGGRESSIVE;
				GCC_WARN_UNUSED_FUNCTION = YES;
				GCC_WARN_UNUSED_VARIABLE = YES;
				IPHONEOS_DEPLOYMENT_TARGET = 7.1;
				SDKROOT = iphoneos;
				VALIDATE_PRODUCT = YES;
			};
			name = Release;
		};
		F642447B18EE7FF500777E49 /* Debug */ = {
			isa = XCBuildConfiguration;
			buildSettings = {
				ASSETCATALOG_COMPILER_APPICON_NAME = AppIcon;
				ASSETCATALOG_COMPILER_LAUNCHIMAGE_NAME = LaunchImage;
				GCC_PRECOMPILE_PREFIX_HEADER = YES;
				GCC_PREFIX_HEADER = "XLMultiCastDelegateSample/XLMultiCastDelegateSample-Prefix.pch";
				INFOPLIST_FILE = "XLMultiCastDelegateSample/XLMultiCastDelegateSample-Info.plist";
				PRODUCT_NAME = "$(TARGET_NAME)";
				WRAPPER_EXTENSION = app;
			};
			name = Debug;
		};
		F642447C18EE7FF500777E49 /* Release */ = {
			isa = XCBuildConfiguration;
			buildSettings = {
				ASSETCATALOG_COMPILER_APPICON_NAME = AppIcon;
				ASSETCATALOG_COMPILER_LAUNCHIMAGE_NAME = LaunchImage;
				GCC_PRECOMPILE_PREFIX_HEADER = YES;
				GCC_PREFIX_HEADER = "XLMultiCastDelegateSample/XLMultiCastDelegateSample-Prefix.pch";
				INFOPLIST_FILE = "XLMultiCastDelegateSample/XLMultiCastDelegateSample-Info.plist";
				PRODUCT_NAME = "$(TARGET_NAME)";
				WRAPPER_EXTENSION = app;
			};
			name = Release;
		};
		F642447E18EE7FF500777E49 /* Debug */ = {
			isa = XCBuildConfiguration;
			buildSettings = {
				BUNDLE_LOADER = "$(BUILT_PRODUCTS_DIR)/XLMultiCastDelegateSample.app/XLMultiCastDelegateSample";
				FRAMEWORK_SEARCH_PATHS = (
					"$(SDKROOT)/Developer/Library/Frameworks",
					"$(inherited)",
					"$(DEVELOPER_FRAMEWORKS_DIR)",
				);
				GCC_PRECOMPILE_PREFIX_HEADER = YES;
				GCC_PREFIX_HEADER = "XLMultiCastDelegateSample/XLMultiCastDelegateSample-Prefix.pch";
				GCC_PREPROCESSOR_DEFINITIONS = (
					"DEBUG=1",
					"$(inherited)",
				);
				INFOPLIST_FILE = "XLMultiCastDelegateSampleTests/XLMultiCastDelegateSampleTests-Info.plist";
				PRODUCT_NAME = "$(TARGET_NAME)";
				TEST_HOST = "$(BUNDLE_LOADER)";
				WRAPPER_EXTENSION = xctest;
			};
			name = Debug;
		};
		F642447F18EE7FF500777E49 /* Release */ = {
			isa = XCBuildConfiguration;
			buildSettings = {
				BUNDLE_LOADER = "$(BUILT_PRODUCTS_DIR)/XLMultiCastDelegateSample.app/XLMultiCastDelegateSample";
				FRAMEWORK_SEARCH_PATHS = (
					"$(SDKROOT)/Developer/Library/Frameworks",
					"$(inherited)",
					"$(DEVELOPER_FRAMEWORKS_DIR)",
				);
				GCC_PRECOMPILE_PREFIX_HEADER = YES;
				GCC_PREFIX_HEADER = "XLMultiCastDelegateSample/XLMultiCastDelegateSample-Prefix.pch";
				INFOPLIST_FILE = "XLMultiCastDelegateSampleTests/XLMultiCastDelegateSampleTests-Info.plist";
				PRODUCT_NAME = "$(TARGET_NAME)";
				TEST_HOST = "$(BUNDLE_LOADER)";
				WRAPPER_EXTENSION = xctest;
			};
			name = Release;
		};
/* End XCBuildConfiguration section */

/* Begin XCConfigurationList section */
		F642444318EE7FF500777E49 /* Build configuration list for PBXProject "XLMultiCastDelegateSample" */ = {
			isa = XCConfigurationList;
			buildConfigurations = (
				F642447818EE7FF500777E49 /* Debug */,
				F642447918EE7FF500777E49 /* Release */,
			);
			defaultConfigurationIsVisible = 0;
			defaultConfigurationName = Release;
		};
		F642447A18EE7FF500777E49 /* Build configuration list for PBXNativeTarget "XLMultiCastDelegateSample" */ = {
			isa = XCConfigurationList;
			buildConfigurations = (
				F642447B18EE7FF500777E49 /* Debug */,
				F642447C18EE7FF500777E49 /* Release */,
			);
			defaultConfigurationIsVisible = 0;
			defaultConfigurationName = Release;
		};
		F642447D18EE7FF500777E49 /* Build configuration list for PBXNativeTarget "XLMultiCastDelegateSampleTests" */ = {
			isa = XCConfigurationList;
			buildConfigurations = (
				F642447E18EE7FF500777E49 /* Debug */,
				F642447F18EE7FF500777E49 /* Release */,
			);
			defaultConfigurationIsVisible = 0;
			defaultConfigurationName = Release;
		};
/* End XCConfigurationList section */
	};
	rootObject = F642444018EE7FF500777E49 /* Project object */;
}
